
Microsoft Visual Studio Solution File, Format Version 12.00
# Visual Studio Version 17
VisualStudioVersion = 17.2.32630.192
MinimumVisualStudioVersion = 10.0.40219.1
Project("{FAE04EC0-301F-11D3-BF4B-00C04F79EFBC}") = "Dormitory", "Dormitory.csproj", "{74F18AD6-6024-492A-B96F-0409C54267A9}"
EndProject
Global
	GlobalSection(SolutionConfigurationPlatforms) = preSolution
		Debug|Any CPU = Debug|Any CPU
		Release|Any CPU = Release|Any CPU
	EndGlobalSection
	GlobalSection(ProjectConfigurationPlatforms) = postSolution
		{74F18AD6-6024-492A-B96F-0409C54267A9}.Debug|Any CPU.ActiveCfg = Debug|Any CPU
		{74F18AD6-6024-492A-B96F-0409C54267A9}.Debug|Any CPU.Build.0 = Debug|Any CPU
		{74F18AD6-6024-492A-B96F-0409C54267A9}.Release|Any CPU.ActiveCfg = Release|Any CPU
		{74F18AD6-6024-492A-B96F-0409C54267A9}.Release|Any CPU.Build.0 = Release|Any CPU
	EndGlobalSection
	GlobalSection(SolutionProperties) = preSolution
		HideSolutionNode = FALSE
	EndGlobalSection
	GlobalSection(ExtensibilityGlobals) = postSolution
		SolutionGuid = {8AE442B3-737F-4F68-97A9-C6C7E7A222ED}
	EndGlobalSection
EndGlobal
